
Microsoft Visual Studio Solution File, Format Version 12.00
# Visual Studio Version 16
VisualStudioVersion = 16.0.28803.352
MinimumVisualStudioVersion = 10.0.40219.1
Project("{FAE04EC0-301F-11D3-BF4B-00C04F79EFBC}") = "CIMS2019", "CIMS2019\CIMS2019.csproj", "{450C99E8-DA92-49EA-822D-42201C2A5BED}"
EndProject
Global
	GlobalSection(SolutionConfigurationPlatforms) = preSolution
		Debug|Any CPU = Debug|Any CPU
		Release|Any CPU = Release|Any CPU
	EndGlobalSection
	GlobalSection(ProjectConfigurationPlatforms) = postSolution
		{450C99E8-DA92-49EA-822D-42201C2A5BED}.Debug|Any CPU.ActiveCfg = Debug|Any CPU
		{450C99E8-DA92-49EA-822D-42201C2A5BED}.Debug|Any CPU.Build.0 = Debug|Any CPU
		{450C99E8-DA92-49EA-822D-42201C2A5BED}.Release|Any CPU.ActiveCfg = Release|Any CPU
		{450C99E8-DA92-49EA-822D-42201C2A5BED}.Release|Any CPU.Build.0 = Release|Any CPU
	EndGlobalSection
	GlobalSection(SolutionProperties) = preSolution
		HideSolutionNode = FALSE
	EndGlobalSection
	GlobalSection(ExtensibilityGlobals) = postSolution
		SolutionGuid = {AE282797-CCAC-4C67-8B43-C731FE0EDF6A}
	EndGlobalSection
EndGlobal
